
Microsoft Visual Studio Solution File, Format Version 12.00
# Visual Studio 15
VisualStudioVersion = 15.0.28307.2017
MinimumVisualStudioVersion = 10.0.40219.1
Project("{FAE04EC0-301F-11D3-BF4B-00C04F79EFBC}") = "myShop", "myShop\myShop.csproj", "{30BE4C22-D8F0-4D3A-8D54-C71690553905}"
EndProject
Global
	GlobalSection(SolutionConfigurationPlatforms) = preSolution
		Debug|Any CPU = Debug|Any CPU
		Release|Any CPU = Release|Any CPU
	EndGlobalSection
	GlobalSection(ProjectConfigurationPlatforms) = postSolution
		{30BE4C22-D8F0-4D3A-8D54-C71690553905}.Debug|Any CPU.ActiveCfg = Debug|Any CPU
		{30BE4C22-D8F0-4D3A-8D54-C71690553905}.Debug|Any CPU.Build.0 = Debug|Any CPU
		{30BE4C22-D8F0-4D3A-8D54-C71690553905}.Release|Any CPU.ActiveCfg = Release|Any CPU
		{30BE4C22-D8F0-4D3A-8D54-C71690553905}.Release|Any CPU.Build.0 = Release|Any CPU
	EndGlobalSection
	GlobalSection(SolutionProperties) = preSolution
		HideSolutionNode = FALSE
	EndGlobalSection
	GlobalSection(ExtensibilityGlobals) = postSolution
		SolutionGuid = {4FD1F38D-545F-452D-A7DE-78D2FCC11B90}
	EndGlobalSection
EndGlobal
